
Microsoft Visual Studio Solution File, Format Version 12.00
# Visual Studio Version 17
VisualStudioVersion = 17.8.34316.72
MinimumVisualStudioVersion = 10.0.40219.1
Project("{2150E333-8FDC-42A3-9474-1A3956D46DE8}") = "Solution Items", "Solution Items", "{3714D784-78B4-4067-A5C6-C19F83D4086B}"
	ProjectSection(SolutionItems) = preProject
		settings-editor_config\.editorconfig = settings-editor_config\.editorconfig
		Directory.Build.props = Directory.Build.props
	EndProjectSection
EndProject
Project("{2150E333-8FDC-42A3-9474-1A3956D46DE8}") = "Source", "Source", "{749DF619-3FD0-4C28-BECD-FA8D09EFFE12}"
EndProject
Project("{9A19103F-16F7-4668-BE54-9A1E7A4F7556}") = "LittleByte.AspNet", "Source\LittleByte.AspNet\LittleByte.AspNet.csproj", "{CCC54512-3D7B-486C-AD8C-C2F67710539F}"
EndProject
Project("{9A19103F-16F7-4668-BE54-9A1E7A4F7556}") = "LittleByte.AutoMapper", "Source\LittleByte.AutoMapper\LittleByte.AutoMapper.csproj", "{39E8AEF1-54F8-457B-8DAE-E97BBA34BC0B}"
EndProject
Project("{9A19103F-16F7-4668-BE54-9A1E7A4F7556}") = "LittleByte.AutoMapper.AspNet", "Source\LittleByte.AutoMapper.AspNet\LittleByte.AutoMapper.AspNet.csproj", "{C6AC398F-1399-466A-9F48-7F99AD221880}"
EndProject
Project("{9A19103F-16F7-4668-BE54-9A1E7A4F7556}") = "LittleByte.AutoMapper.EntityFramework", "Source\LittleByte.AutoMapper.EntityFramework\LittleByte.AutoMapper.EntityFramework.csproj", "{94826A1C-05C0-4FF3-9101-2AA1DABD191B}"
EndProject
Project("{9A19103F-16F7-4668-BE54-9A1E7A4F7556}") = "LittleByte.Common", "Source\LittleByte.Common\LittleByte.Common.csproj", "{C63F2796-A371-4B87-AEAF-A360DBCEC1DD}"
EndProject
Project("{9A19103F-16F7-4668-BE54-9A1E7A4F7556}") = "LittleByte.EntityFramework", "Source\LittleByte.EntityFramework\LittleByte.EntityFramework.csproj", "{A625D6D4-941C-4B77-83E5-CFFD2EEAC3BB}"
EndProject
Project("{9A19103F-16F7-4668-BE54-9A1E7A4F7556}") = "LittleByte.PubSub", "Source\LittleByte.PubSub\LittleByte.PubSub.csproj", "{646971DE-2658-4F6F-9E28-94031EBA1C08}"
EndProject
Project("{9A19103F-16F7-4668-BE54-9A1E7A4F7556}") = "LittleByte.Serilog", "Source\LittleByte.Serilog\LittleByte.Serilog.csproj", "{EBED3210-0023-4DC4-9819-91D86AFCB654}"
EndProject
Project("{9A19103F-16F7-4668-BE54-9A1E7A4F7556}") = "LittleByte.Serilog.Promtail", "Source\LittleByte.Serilog.Promtail\LittleByte.Serilog.Promtail.csproj", "{499C2A26-7755-4C50-BB5A-2D74C89FD4D3}"
EndProject
Project("{9A19103F-16F7-4668-BE54-9A1E7A4F7556}") = "LittleByte.Unleash", "Source\LittleByte.Unleash\LittleByte.Unleash.csproj", "{626F0EB2-57D4-4949-9E7B-5CFC49ACA459}"
EndProject
Project("{9A19103F-16F7-4668-BE54-9A1E7A4F7556}") = "LittleByte.Unleash.AspNet", "Source\LittleByte.Unleash.AspNet\LittleByte.Unleash.AspNet.csproj", "{D60C430C-1E1C-43D9-B785-9EFD987499CF}"
EndProject
Project("{9A19103F-16F7-4668-BE54-9A1E7A4F7556}") = "LittleByte.Validation", "Source\LittleByte.Validation\LittleByte.Validation.csproj", "{300CCC48-57CE-48C2-9430-EDF53ED9045B}"
EndProject
Project("{9A19103F-16F7-4668-BE54-9A1E7A4F7556}") = "LittleByte.WorkerQueue", "Source\LittleByte.WorkerQueue\LittleByte.WorkerQueue.csproj", "{91C90DC1-10A9-45FC-AA95-1154C2750F9D}"
EndProject
Project("{2150E333-8FDC-42A3-9474-1A3956D46DE8}") = "Test", "Test", "{59F0A3FC-D6D0-4F60-A8EA-D1B05B7E41EE}"
	ProjectSection(SolutionItems) = preProject
		Test\Directory.Build.props = Test\Directory.Build.props
	EndProjectSection
EndProject
Project("{9A19103F-16F7-4668-BE54-9A1E7A4F7556}") = "LittleByte.Test", "Test\LittleByte.Test\LittleByte.Test.csproj", "{86F5F842-C1DC-41A5-B097-F8C0772693E6}"
EndProject
Project("{FAE04EC0-301F-11D3-BF4B-00C04F79EFBC}") = "LittleByte.AspNet.Test", "Test\LittleByte.AspNet.Test\LittleByte.AspNet.Test.csproj", "{D6C1D43E-3A73-4A59-A134-20F499483CF7}"
EndProject
Project("{FAE04EC0-301F-11D3-BF4B-00C04F79EFBC}") = "LittleByte.Validation.Test", "Test\LittleByte.Validation.Test\LittleByte.Validation.Test.csproj", "{94AEB6F4-8ABA-4319-923A-FD3FBC417DF2}"
EndProject
Global
	GlobalSection(SolutionConfigurationPlatforms) = preSolution
		Debug|Any CPU = Debug|Any CPU
		Local|Any CPU = Local|Any CPU
		Release|Any CPU = Release|Any CPU
	EndGlobalSection
	GlobalSection(ProjectConfigurationPlatforms) = postSolution
		{CCC54512-3D7B-486C-AD8C-C2F67710539F}.Debug|Any CPU.ActiveCfg = Debug|Any CPU
		{CCC54512-3D7B-486C-AD8C-C2F67710539F}.Debug|Any CPU.Build.0 = Debug|Any CPU
		{CCC54512-3D7B-486C-AD8C-C2F67710539F}.Local|Any CPU.ActiveCfg = Local|Any CPU
		{CCC54512-3D7B-486C-AD8C-C2F67710539F}.Local|Any CPU.Build.0 = Local|Any CPU
		{CCC54512-3D7B-486C-AD8C-C2F67710539F}.Release|Any CPU.ActiveCfg = Release|Any CPU
		{CCC54512-3D7B-486C-AD8C-C2F67710539F}.Release|Any CPU.Build.0 = Release|Any CPU
		{39E8AEF1-54F8-457B-8DAE-E97BBA34BC0B}.Debug|Any CPU.ActiveCfg = Debug|Any CPU
		{39E8AEF1-54F8-457B-8DAE-E97BBA34BC0B}.Debug|Any CPU.Build.0 = Debug|Any CPU
		{39E8AEF1-54F8-457B-8DAE-E97BBA34BC0B}.Local|Any CPU.ActiveCfg = Local|Any CPU
		{39E8AEF1-54F8-457B-8DAE-E97BBA34BC0B}.Local|Any CPU.Build.0 = Local|Any CPU
		{39E8AEF1-54F8-457B-8DAE-E97BBA34BC0B}.Release|Any CPU.ActiveCfg = Release|Any CPU
		{39E8AEF1-54F8-457B-8DAE-E97BBA34BC0B}.Release|Any CPU.Build.0 = Release|Any CPU
		{C6AC398F-1399-466A-9F48-7F99AD221880}.Debug|Any CPU.ActiveCfg = Debug|Any CPU
		{C6AC398F-1399-466A-9F48-7F99AD221880}.Debug|Any CPU.Build.0 = Debug|Any CPU
		{C6AC398F-1399-466A-9F48-7F99AD221880}.Local|Any CPU.ActiveCfg = Local|Any CPU
		{C6AC398F-1399-466A-9F48-7F99AD221880}.Local|Any CPU.Build.0 = Local|Any CPU
		{C6AC398F-1399-466A-9F48-7F99AD221880}.Release|Any CPU.ActiveCfg = Release|Any CPU
		{C6AC398F-1399-466A-9F48-7F99AD221880}.Release|Any CPU.Build.0 = Release|Any CPU
		{94826A1C-05C0-4FF3-9101-2AA1DABD191B}.Debug|Any CPU.ActiveCfg = Debug|Any CPU
		{94826A1C-05C0-4FF3-9101-2AA1DABD191B}.Debug|Any CPU.Build.0 = Debug|Any CPU
		{94826A1C-05C0-4FF3-9101-2AA1DABD191B}.Local|Any CPU.ActiveCfg = Local|Any CPU
		{94826A1C-05C0-4FF3-9101-2AA1DABD191B}.Local|Any CPU.Build.0 = Local|Any CPU
		{94826A1C-05C0-4FF3-9101-2AA1DABD191B}.Release|Any CPU.ActiveCfg = Release|Any CPU
		{94826A1C-05C0-4FF3-9101-2AA1DABD191B}.Release|Any CPU.Build.0 = Release|Any CPU
		{C63F2796-A371-4B87-AEAF-A360DBCEC1DD}.Debug|Any CPU.ActiveCfg = Debug|Any CPU
		{C63F2796-A371-4B87-AEAF-A360DBCEC1DD}.Debug|Any CPU.Build.0 = Debug|Any CPU
		{C63F2796-A371-4B87-AEAF-A360DBCEC1DD}.Local|Any CPU.ActiveCfg = Local|Any CPU
		{C63F2796-A371-4B87-AEAF-A360DBCEC1DD}.Local|Any CPU.Build.0 = Local|Any CPU
		{C63F2796-A371-4B87-AEAF-A360DBCEC1DD}.Release|Any CPU.ActiveCfg = Release|Any CPU
		{C63F2796-A371-4B87-AEAF-A360DBCEC1DD}.Release|Any CPU.Build.0 = Release|Any CPU
		{A625D6D4-941C-4B77-83E5-CFFD2EEAC3BB}.Debug|Any CPU.ActiveCfg = Debug|Any CPU
		{A625D6D4-941C-4B77-83E5-CFFD2EEAC3BB}.Debug|Any CPU.Build.0 = Debug|Any CPU
		{A625D6D4-941C-4B77-83E5-CFFD2EEAC3BB}.Local|Any CPU.ActiveCfg = Local|Any CPU
		{A625D6D4-941C-4B77-83E5-CFFD2EEAC3BB}.Local|Any CPU.Build.0 = Local|Any CPU
		{A625D6D4-941C-4B77-83E5-CFFD2EEAC3BB}.Release|Any CPU.ActiveCfg = Release|Any CPU
		{A625D6D4-941C-4B77-83E5-CFFD2EEAC3BB}.Release|Any CPU.Build.0 = Release|Any CPU
		{646971DE-2658-4F6F-9E28-94031EBA1C08}.Debug|Any CPU.ActiveCfg = Debug|Any CPU
		{646971DE-2658-4F6F-9E28-94031EBA1C08}.Debug|Any CPU.Build.0 = Debug|Any CPU
		{646971DE-2658-4F6F-9E28-94031EBA1C08}.Local|Any CPU.ActiveCfg = Local|Any CPU
		{646971DE-2658-4F6F-9E28-94031EBA1C08}.Local|Any CPU.Build.0 = Local|Any CPU
		{646971DE-2658-4F6F-9E28-94031EBA1C08}.Release|Any CPU.ActiveCfg = Release|Any CPU
		{646971DE-2658-4F6F-9E28-94031EBA1C08}.Release|Any CPU.Build.0 = Release|Any CPU
		{EBED3210-0023-4DC4-9819-91D86AFCB654}.Debug|Any CPU.ActiveCfg = Debug|Any CPU
		{EBED3210-0023-4DC4-9819-91D86AFCB654}.Debug|Any CPU.Build.0 = Debug|Any CPU
		{EBED3210-0023-4DC4-9819-91D86AFCB654}.Local|Any CPU.ActiveCfg = Local|Any CPU
		{EBED3210-0023-4DC4-9819-91D86AFCB654}.Local|Any CPU.Build.0 = Local|Any CPU
		{EBED3210-0023-4DC4-9819-91D86AFCB654}.Release|Any CPU.ActiveCfg = Release|Any CPU
		{EBED3210-0023-4DC4-9819-91D86AFCB654}.Release|Any CPU.Build.0 = Release|Any CPU
		{499C2A26-7755-4C50-BB5A-2D74C89FD4D3}.Debug|Any CPU.ActiveCfg = Debug|Any CPU
		{499C2A26-7755-4C50-BB5A-2D74C89FD4D3}.Debug|Any CPU.Build.0 = Debug|Any CPU
		{499C2A26-7755-4C50-BB5A-2D74C89FD4D3}.Local|Any CPU.ActiveCfg = Local|Any CPU
		{499C2A26-7755-4C50-BB5A-2D74C89FD4D3}.Local|Any CPU.Build.0 = Local|Any CPU
		{499C2A26-7755-4C50-BB5A-2D74C89FD4D3}.Release|Any CPU.ActiveCfg = Release|Any CPU
		{499C2A26-7755-4C50-BB5A-2D74C89FD4D3}.Release|Any CPU.Build.0 = Release|Any CPU
		{626F0EB2-57D4-4949-9E7B-5CFC49ACA459}.Debug|Any CPU.ActiveCfg = Debug|Any CPU
		{626F0EB2-57D4-4949-9E7B-5CFC49ACA459}.Debug|Any CPU.Build.0 = Debug|Any CPU
		{626F0EB2-57D4-4949-9E7B-5CFC49ACA459}.Local|Any CPU.ActiveCfg = Local|Any CPU
		{626F0EB2-57D4-4949-9E7B-5CFC49ACA459}.Local|Any CPU.Build.0 = Local|Any CPU
		{626F0EB2-57D4-4949-9E7B-5CFC49ACA459}.Release|Any CPU.ActiveCfg = Release|Any CPU
		{626F0EB2-57D4-4949-9E7B-5CFC49ACA459}.Release|Any CPU.Build.0 = Release|Any CPU
		{D60C430C-1E1C-43D9-B785-9EFD987499CF}.Debug|Any CPU.ActiveCfg = Debug|Any CPU
		{D60C430C-1E1C-43D9-B785-9EFD987499CF}.Debug|Any CPU.Build.0 = Debug|Any CPU
		{D60C430C-1E1C-43D9-B785-9EFD987499CF}.Local|Any CPU.ActiveCfg = Local|Any CPU
		{D60C430C-1E1C-43D9-B785-9EFD987499CF}.Local|Any CPU.Build.0 = Local|Any CPU
		{D60C430C-1E1C-43D9-B785-9EFD987499CF}.Release|Any CPU.ActiveCfg = Release|Any CPU
		{D60C430C-1E1C-43D9-B785-9EFD987499CF}.Release|Any CPU.Build.0 = Release|Any CPU
		{300CCC48-57CE-48C2-9430-EDF53ED9045B}.Debug|Any CPU.ActiveCfg = Debug|Any CPU
		{300CCC48-57CE-48C2-9430-EDF53ED9045B}.Debug|Any CPU.Build.0 = Debug|Any CPU
		{300CCC48-57CE-48C2-9430-EDF53ED9045B}.Local|Any CPU.ActiveCfg = Local|Any CPU
		{300CCC48-57CE-48C2-9430-EDF53ED9045B}.Local|Any CPU.Build.0 = Local|Any CPU
		{300CCC48-57CE-48C2-9430-EDF53ED9045B}.Release|Any CPU.ActiveCfg = Release|Any CPU
		{300CCC48-57CE-48C2-9430-EDF53ED9045B}.Release|Any CPU.Build.0 = Release|Any CPU
		{91C90DC1-10A9-45FC-AA95-1154C2750F9D}.Debug|Any CPU.ActiveCfg = Debug|Any CPU
		{91C90DC1-10A9-45FC-AA95-1154C2750F9D}.Debug|Any CPU.Build.0 = Debug|Any CPU
		{91C90DC1-10A9-45FC-AA95-1154C2750F9D}.Local|Any CPU.ActiveCfg = Local|Any CPU
		{91C90DC1-10A9-45FC-AA95-1154C2750F9D}.Local|Any CPU.Build.0 = Local|Any CPU
		{91C90DC1-10A9-45FC-AA95-1154C2750F9D}.Release|Any CPU.ActiveCfg = Release|Any CPU
		{91C90DC1-10A9-45FC-AA95-1154C2750F9D}.Release|Any CPU.Build.0 = Release|Any CPU
		{86F5F842-C1DC-41A5-B097-F8C0772693E6}.Debug|Any CPU.ActiveCfg = Debug|Any CPU
		{86F5F842-C1DC-41A5-B097-F8C0772693E6}.Debug|Any CPU.Build.0 = Debug|Any CPU
		{86F5F842-C1DC-41A5-B097-F8C0772693E6}.Local|Any CPU.ActiveCfg = Local|Any CPU
		{86F5F842-C1DC-41A5-B097-F8C0772693E6}.Local|Any CPU.Build.0 = Local|Any CPU
		{86F5F842-C1DC-41A5-B097-F8C0772693E6}.Release|Any CPU.ActiveCfg = Release|Any CPU
		{86F5F842-C1DC-41A5-B097-F8C0772693E6}.Release|Any CPU.Build.0 = Release|Any CPU
		{D6C1D43E-3A73-4A59-A134-20F499483CF7}.Debug|Any CPU.ActiveCfg = Debug|Any CPU
		{D6C1D43E-3A73-4A59-A134-20F499483CF7}.Debug|Any CPU.Build.0 = Debug|Any CPU
		{D6C1D43E-3A73-4A59-A134-20F499483CF7}.Local|Any CPU.ActiveCfg = Local|Any CPU
		{D6C1D43E-3A73-4A59-A134-20F499483CF7}.Local|Any CPU.Build.0 = Local|Any CPU
		{D6C1D43E-3A73-4A59-A134-20F499483CF7}.Release|Any CPU.ActiveCfg = Release|Any CPU
		{D6C1D43E-3A73-4A59-A134-20F499483CF7}.Release|Any CPU.Build.0 = Release|Any CPU
		{94AEB6F4-8ABA-4319-923A-FD3FBC417DF2}.Debug|Any CPU.ActiveCfg = Debug|Any CPU
		{94AEB6F4-8ABA-4319-923A-FD3FBC417DF2}.Debug|Any CPU.Build.0 = Debug|Any CPU
		{94AEB6F4-8ABA-4319-923A-FD3FBC417DF2}.Local|Any CPU.ActiveCfg = Local|Any CPU
		{94AEB6F4-8ABA-4319-923A-FD3FBC417DF2}.Local|Any CPU.Build.0 = Local|Any CPU
		{94AEB6F4-8ABA-4319-923A-FD3FBC417DF2}.Release|Any CPU.ActiveCfg = Release|Any CPU
		{94AEB6F4-8ABA-4319-923A-FD3FBC417DF2}.Release|Any CPU.Build.0 = Release|Any CPU
	EndGlobalSection
	GlobalSection(SolutionProperties) = preSolution
		HideSolutionNode = FALSE
	EndGlobalSection
	GlobalSection(NestedProjects) = preSolution
		{CCC54512-3D7B-486C-AD8C-C2F67710539F} = {749DF619-3FD0-4C28-BECD-FA8D09EFFE12}
		{39E8AEF1-54F8-457B-8DAE-E97BBA34BC0B} = {749DF619-3FD0-4C28-BECD-FA8D09EFFE12}
		{C6AC398F-1399-466A-9F48-7F99AD221880} = {749DF619-3FD0-4C28-BECD-FA8D09EFFE12}
		{94826A1C-05C0-4FF3-9101-2AA1DABD191B} = {749DF619-3FD0-4C28-BECD-FA8D09EFFE12}
		{C63F2796-A371-4B87-AEAF-A360DBCEC1DD} = {749DF619-3FD0-4C28-BECD-FA8D09EFFE12}
		{A625D6D4-941C-4B77-83E5-CFFD2EEAC3BB} = {749DF619-3FD0-4C28-BECD-FA8D09EFFE12}
		{646971DE-2658-4F6F-9E28-94031EBA1C08} = {749DF619-3FD0-4C28-BECD-FA8D09EFFE12}
		{EBED3210-0023-4DC4-9819-91D86AFCB654} = {749DF619-3FD0-4C28-BECD-FA8D09EFFE12}
		{499C2A26-7755-4C50-BB5A-2D74C89FD4D3} = {749DF619-3FD0-4C28-BECD-FA8D09EFFE12}
		{626F0EB2-57D4-4949-9E7B-5CFC49ACA459} = {749DF619-3FD0-4C28-BECD-FA8D09EFFE12}
		{D60C430C-1E1C-43D9-B785-9EFD987499CF} = {749DF619-3FD0-4C28-BECD-FA8D09EFFE12}
		{300CCC48-57CE-48C2-9430-EDF53ED9045B} = {749DF619-3FD0-4C28-BECD-FA8D09EFFE12}
		{91C90DC1-10A9-45FC-AA95-1154C2750F9D} = {749DF619-3FD0-4C28-BECD-FA8D09EFFE12}
		{86F5F842-C1DC-41A5-B097-F8C0772693E6} = {59F0A3FC-D6D0-4F60-A8EA-D1B05B7E41EE}
		{D6C1D43E-3A73-4A59-A134-20F499483CF7} = {59F0A3FC-D6D0-4F60-A8EA-D1B05B7E41EE}
		{94AEB6F4-8ABA-4319-923A-FD3FBC417DF2} = {59F0A3FC-D6D0-4F60-A8EA-D1B05B7E41EE}
	EndGlobalSection
	GlobalSection(ExtensibilityGlobals) = postSolution
		SolutionGuid = {A13B6A16-12CF-4ABF-953A-62056B6F6894}
	EndGlobalSection
EndGlobal
