
Microsoft Visual Studio Solution File, Format Version 12.00
# Visual Studio Version 17
VisualStudioVersion = 17.8.34316.72
MinimumVisualStudioVersion = 10.0.40219.1
Project("{2150E333-8FDC-42A3-9474-1A3956D46DE8}") = "Solution Items", "Solution Items", "{3714D784-78B4-4067-A5C6-C19F83D4086B}"
	ProjectSection(SolutionItems) = preProject
		settings-editor_config\.editorconfig = settings-editor_config\.editorconfig
		Directory.Build.props = Directory.Build.props
	EndProjectSection
EndProject
Project("{9A19103F-16F7-4668-BE54-9A1E7A4F7556}") = "LittleByte.Common", "LittleByte.Common\LittleByte.Common.csproj", "{A2A10665-260B-453B-941B-232EA364385E}"
EndProject
Project("{9A19103F-16F7-4668-BE54-9A1E7A4F7556}") = "LittleByte.Test", "LittleByte.Test\LittleByte.Test.csproj", "{E600FBBF-EDE8-4758-BD83-6897F0DE971F}"
EndProject
Project("{9A19103F-16F7-4668-BE54-9A1E7A4F7556}") = "LittleByte.AspNet", "LittleByte.AspNet\LittleByte.AspNet.csproj", "{829E0FEE-8B69-46F6-8AD0-1BD6C8E20C01}"
EndProject
Project("{9A19103F-16F7-4668-BE54-9A1E7A4F7556}") = "LittleByte.Common.Old", "LittleByte.Common.Old\LittleByte.Common.Old.csproj", "{DC7E29D0-5F6A-4A2D-8633-78B00ED15A4C}"
EndProject
Project("{9A19103F-16F7-4668-BE54-9A1E7A4F7556}") = "LittleByte.AutoMapper", "LittleByte.AutoMapper\LittleByte.AutoMapper.csproj", "{C227F41F-7742-498D-A184-9D33D61AA22A}"
EndProject
Project("{9A19103F-16F7-4668-BE54-9A1E7A4F7556}") = "LittleByte.Unleash", "LittleByte.Unleash\LittleByte.Unleash.csproj", "{F0C24C57-5E32-4769-BB22-13E13D5920C4}"
EndProject
Project("{9A19103F-16F7-4668-BE54-9A1E7A4F7556}") = "LittleByte.Unleash.AspNet", "LittleByte.Unleash.AspNet\LittleByte.Unleash.AspNet.csproj", "{9AD3D6C4-3C11-4A8D-888E-8E5560E4B732}"
EndProject
Project("{9A19103F-16F7-4668-BE54-9A1E7A4F7556}") = "LittleByte.EntityFramework", "LittleByte.EntityFramework\LittleByte.EntityFramework.csproj", "{0A4B9833-2F49-4242-9F62-A82F504B826E}"
EndProject
Project("{9A19103F-16F7-4668-BE54-9A1E7A4F7556}") = "LittleByte.Serilog", "LittleByte.Serilog\LittleByte.Serilog.csproj", "{0E4DF174-7399-4F55-B72E-EC95E118C2F1}"
EndProject
Project("{FAE04EC0-301F-11D3-BF4B-00C04F79EFBC}") = "LittleByte.Validation", "LittleByte.Validation\LittleByte.Validation.csproj", "{C4612907-F246-4BDB-B4EA-5B7A8242EE2B}"
EndProject
Project("{FAE04EC0-301F-11D3-BF4B-00C04F79EFBC}") = "LittleByte.PubSub", "LittleByte.PubSub\LittleByte.PubSub.csproj", "{FEE0569B-9384-4C85-8FEA-6A23479635F4}"
EndProject
Project("{FAE04EC0-301F-11D3-BF4B-00C04F79EFBC}") = "LittleByte.WorkerQueue", "LittleByte.WorkerQueue\LittleByte.WorkerQueue.csproj", "{6EF4DBD5-9341-413C-B196-E13C3C77520F}"
EndProject
Project("{FAE04EC0-301F-11D3-BF4B-00C04F79EFBC}") = "LittleByte.Serilog.Promtail", "LittleByte.Serilog.Promtail\LittleByte.Serilog.Promtail.csproj", "{98B0F3E5-32B3-47AC-94D5-59E1C2803B1B}"
EndProject
Project("{FAE04EC0-301F-11D3-BF4B-00C04F79EFBC}") = "LittleByte.AutoMapper.AspNet", "LittleByte.AutoMapper.AspNet\LittleByte.AutoMapper.AspNet.csproj", "{C280E998-22C7-413F-9CAD-BF9D2A71AB9F}"
EndProject
Global
	GlobalSection(SolutionConfigurationPlatforms) = preSolution
		Debug|Any CPU = Debug|Any CPU
		Local|Any CPU = Local|Any CPU
		Release|Any CPU = Release|Any CPU
	EndGlobalSection
	GlobalSection(ProjectConfigurationPlatforms) = postSolution
		{A2A10665-260B-453B-941B-232EA364385E}.Debug|Any CPU.ActiveCfg = Debug|Any CPU
		{A2A10665-260B-453B-941B-232EA364385E}.Debug|Any CPU.Build.0 = Debug|Any CPU
		{A2A10665-260B-453B-941B-232EA364385E}.Local|Any CPU.ActiveCfg = Local|Any CPU
		{A2A10665-260B-453B-941B-232EA364385E}.Local|Any CPU.Build.0 = Local|Any CPU
		{A2A10665-260B-453B-941B-232EA364385E}.Release|Any CPU.ActiveCfg = Release|Any CPU
		{A2A10665-260B-453B-941B-232EA364385E}.Release|Any CPU.Build.0 = Release|Any CPU
		{E600FBBF-EDE8-4758-BD83-6897F0DE971F}.Debug|Any CPU.ActiveCfg = Debug|Any CPU
		{E600FBBF-EDE8-4758-BD83-6897F0DE971F}.Debug|Any CPU.Build.0 = Debug|Any CPU
		{E600FBBF-EDE8-4758-BD83-6897F0DE971F}.Local|Any CPU.ActiveCfg = Local|Any CPU
		{E600FBBF-EDE8-4758-BD83-6897F0DE971F}.Local|Any CPU.Build.0 = Local|Any CPU
		{E600FBBF-EDE8-4758-BD83-6897F0DE971F}.Release|Any CPU.ActiveCfg = Release|Any CPU
		{E600FBBF-EDE8-4758-BD83-6897F0DE971F}.Release|Any CPU.Build.0 = Release|Any CPU
		{829E0FEE-8B69-46F6-8AD0-1BD6C8E20C01}.Debug|Any CPU.ActiveCfg = Debug|Any CPU
		{829E0FEE-8B69-46F6-8AD0-1BD6C8E20C01}.Debug|Any CPU.Build.0 = Debug|Any CPU
		{829E0FEE-8B69-46F6-8AD0-1BD6C8E20C01}.Local|Any CPU.ActiveCfg = Local|Any CPU
		{829E0FEE-8B69-46F6-8AD0-1BD6C8E20C01}.Local|Any CPU.Build.0 = Local|Any CPU
		{829E0FEE-8B69-46F6-8AD0-1BD6C8E20C01}.Release|Any CPU.ActiveCfg = Release|Any CPU
		{829E0FEE-8B69-46F6-8AD0-1BD6C8E20C01}.Release|Any CPU.Build.0 = Release|Any CPU
		{DC7E29D0-5F6A-4A2D-8633-78B00ED15A4C}.Debug|Any CPU.ActiveCfg = Debug|Any CPU
		{DC7E29D0-5F6A-4A2D-8633-78B00ED15A4C}.Debug|Any CPU.Build.0 = Debug|Any CPU
		{DC7E29D0-5F6A-4A2D-8633-78B00ED15A4C}.Local|Any CPU.ActiveCfg = Local|Any CPU
		{DC7E29D0-5F6A-4A2D-8633-78B00ED15A4C}.Local|Any CPU.Build.0 = Local|Any CPU
		{DC7E29D0-5F6A-4A2D-8633-78B00ED15A4C}.Release|Any CPU.ActiveCfg = Release|Any CPU
		{DC7E29D0-5F6A-4A2D-8633-78B00ED15A4C}.Release|Any CPU.Build.0 = Release|Any CPU
		{C227F41F-7742-498D-A184-9D33D61AA22A}.Debug|Any CPU.ActiveCfg = Debug|Any CPU
		{C227F41F-7742-498D-A184-9D33D61AA22A}.Debug|Any CPU.Build.0 = Debug|Any CPU
		{C227F41F-7742-498D-A184-9D33D61AA22A}.Local|Any CPU.ActiveCfg = Local|Any CPU
		{C227F41F-7742-498D-A184-9D33D61AA22A}.Local|Any CPU.Build.0 = Local|Any CPU
		{C227F41F-7742-498D-A184-9D33D61AA22A}.Release|Any CPU.ActiveCfg = Release|Any CPU
		{C227F41F-7742-498D-A184-9D33D61AA22A}.Release|Any CPU.Build.0 = Release|Any CPU
		{F0C24C57-5E32-4769-BB22-13E13D5920C4}.Debug|Any CPU.ActiveCfg = Debug|Any CPU
		{F0C24C57-5E32-4769-BB22-13E13D5920C4}.Debug|Any CPU.Build.0 = Debug|Any CPU
		{F0C24C57-5E32-4769-BB22-13E13D5920C4}.Local|Any CPU.ActiveCfg = Local|Any CPU
		{F0C24C57-5E32-4769-BB22-13E13D5920C4}.Local|Any CPU.Build.0 = Local|Any CPU
		{F0C24C57-5E32-4769-BB22-13E13D5920C4}.Release|Any CPU.ActiveCfg = Release|Any CPU
		{F0C24C57-5E32-4769-BB22-13E13D5920C4}.Release|Any CPU.Build.0 = Release|Any CPU
		{9AD3D6C4-3C11-4A8D-888E-8E5560E4B732}.Debug|Any CPU.ActiveCfg = Debug|Any CPU
		{9AD3D6C4-3C11-4A8D-888E-8E5560E4B732}.Debug|Any CPU.Build.0 = Debug|Any CPU
		{9AD3D6C4-3C11-4A8D-888E-8E5560E4B732}.Local|Any CPU.ActiveCfg = Local|Any CPU
		{9AD3D6C4-3C11-4A8D-888E-8E5560E4B732}.Local|Any CPU.Build.0 = Local|Any CPU
		{9AD3D6C4-3C11-4A8D-888E-8E5560E4B732}.Release|Any CPU.ActiveCfg = Release|Any CPU
		{9AD3D6C4-3C11-4A8D-888E-8E5560E4B732}.Release|Any CPU.Build.0 = Release|Any CPU
		{0A4B9833-2F49-4242-9F62-A82F504B826E}.Debug|Any CPU.ActiveCfg = Debug|Any CPU
		{0A4B9833-2F49-4242-9F62-A82F504B826E}.Debug|Any CPU.Build.0 = Debug|Any CPU
		{0A4B9833-2F49-4242-9F62-A82F504B826E}.Local|Any CPU.ActiveCfg = Local|Any CPU
		{0A4B9833-2F49-4242-9F62-A82F504B826E}.Local|Any CPU.Build.0 = Local|Any CPU
		{0A4B9833-2F49-4242-9F62-A82F504B826E}.Release|Any CPU.ActiveCfg = Release|Any CPU
		{0A4B9833-2F49-4242-9F62-A82F504B826E}.Release|Any CPU.Build.0 = Release|Any CPU
		{0E4DF174-7399-4F55-B72E-EC95E118C2F1}.Debug|Any CPU.ActiveCfg = Debug|Any CPU
		{0E4DF174-7399-4F55-B72E-EC95E118C2F1}.Debug|Any CPU.Build.0 = Debug|Any CPU
		{0E4DF174-7399-4F55-B72E-EC95E118C2F1}.Local|Any CPU.ActiveCfg = Local|Any CPU
		{0E4DF174-7399-4F55-B72E-EC95E118C2F1}.Local|Any CPU.Build.0 = Local|Any CPU
		{0E4DF174-7399-4F55-B72E-EC95E118C2F1}.Release|Any CPU.ActiveCfg = Release|Any CPU
		{0E4DF174-7399-4F55-B72E-EC95E118C2F1}.Release|Any CPU.Build.0 = Release|Any CPU
		{C4612907-F246-4BDB-B4EA-5B7A8242EE2B}.Debug|Any CPU.ActiveCfg = Debug|Any CPU
		{C4612907-F246-4BDB-B4EA-5B7A8242EE2B}.Debug|Any CPU.Build.0 = Debug|Any CPU
		{C4612907-F246-4BDB-B4EA-5B7A8242EE2B}.Local|Any CPU.ActiveCfg = Local|Any CPU
		{C4612907-F246-4BDB-B4EA-5B7A8242EE2B}.Local|Any CPU.Build.0 = Local|Any CPU
		{C4612907-F246-4BDB-B4EA-5B7A8242EE2B}.Release|Any CPU.ActiveCfg = Release|Any CPU
		{C4612907-F246-4BDB-B4EA-5B7A8242EE2B}.Release|Any CPU.Build.0 = Release|Any CPU
		{FEE0569B-9384-4C85-8FEA-6A23479635F4}.Debug|Any CPU.ActiveCfg = Debug|Any CPU
		{FEE0569B-9384-4C85-8FEA-6A23479635F4}.Debug|Any CPU.Build.0 = Debug|Any CPU
		{FEE0569B-9384-4C85-8FEA-6A23479635F4}.Local|Any CPU.ActiveCfg = Local|Any CPU
		{FEE0569B-9384-4C85-8FEA-6A23479635F4}.Local|Any CPU.Build.0 = Local|Any CPU
		{FEE0569B-9384-4C85-8FEA-6A23479635F4}.Release|Any CPU.ActiveCfg = Release|Any CPU
		{FEE0569B-9384-4C85-8FEA-6A23479635F4}.Release|Any CPU.Build.0 = Release|Any CPU
		{6EF4DBD5-9341-413C-B196-E13C3C77520F}.Debug|Any CPU.ActiveCfg = Debug|Any CPU
		{6EF4DBD5-9341-413C-B196-E13C3C77520F}.Debug|Any CPU.Build.0 = Debug|Any CPU
		{6EF4DBD5-9341-413C-B196-E13C3C77520F}.Local|Any CPU.ActiveCfg = Local|Any CPU
		{6EF4DBD5-9341-413C-B196-E13C3C77520F}.Local|Any CPU.Build.0 = Local|Any CPU
		{6EF4DBD5-9341-413C-B196-E13C3C77520F}.Release|Any CPU.ActiveCfg = Release|Any CPU
		{6EF4DBD5-9341-413C-B196-E13C3C77520F}.Release|Any CPU.Build.0 = Release|Any CPU
		{98B0F3E5-32B3-47AC-94D5-59E1C2803B1B}.Debug|Any CPU.ActiveCfg = Debug|Any CPU
		{98B0F3E5-32B3-47AC-94D5-59E1C2803B1B}.Debug|Any CPU.Build.0 = Debug|Any CPU
		{98B0F3E5-32B3-47AC-94D5-59E1C2803B1B}.Local|Any CPU.ActiveCfg = Local|Any CPU
		{98B0F3E5-32B3-47AC-94D5-59E1C2803B1B}.Local|Any CPU.Build.0 = Local|Any CPU
		{98B0F3E5-32B3-47AC-94D5-59E1C2803B1B}.Release|Any CPU.ActiveCfg = Release|Any CPU
		{98B0F3E5-32B3-47AC-94D5-59E1C2803B1B}.Release|Any CPU.Build.0 = Release|Any CPU
		{C280E998-22C7-413F-9CAD-BF9D2A71AB9F}.Debug|Any CPU.ActiveCfg = Debug|Any CPU
		{C280E998-22C7-413F-9CAD-BF9D2A71AB9F}.Debug|Any CPU.Build.0 = Debug|Any CPU
		{C280E998-22C7-413F-9CAD-BF9D2A71AB9F}.Local|Any CPU.ActiveCfg = Local|Any CPU
		{C280E998-22C7-413F-9CAD-BF9D2A71AB9F}.Local|Any CPU.Build.0 = Local|Any CPU
		{C280E998-22C7-413F-9CAD-BF9D2A71AB9F}.Release|Any CPU.ActiveCfg = Release|Any CPU
		{C280E998-22C7-413F-9CAD-BF9D2A71AB9F}.Release|Any CPU.Build.0 = Release|Any CPU
	EndGlobalSection
	GlobalSection(SolutionProperties) = preSolution
		HideSolutionNode = FALSE
	EndGlobalSection
	GlobalSection(ExtensibilityGlobals) = postSolution
		SolutionGuid = {A13B6A16-12CF-4ABF-953A-62056B6F6894}
	EndGlobalSection
EndGlobal
